
Microsoft Visual Studio Solution File, Format Version 12.00
# Visual Studio Version 17
VisualStudioVersion = 17.5.002.0
MinimumVisualStudioVersion = 10.0.40219.1
Project("{2150E333-8FDC-42A3-9474-1A3956D46DE8}") = "src", "src", "{74BC4156-C563-4B57-B019-A28A43A57540}"
EndProject
Project("{9A19103F-16F7-4668-BE54-9A1E7A4F7556}") = "markdown", "src\markdown\markdown.csproj", "{7726B42F-A9CD-41F9-AB8F-E46B8377A985}"
EndProject
Global
	GlobalSection(SolutionConfigurationPlatforms) = preSolution
		Debug|Any CPU = Debug|Any CPU
		Release|Any CPU = Release|Any CPU
	EndGlobalSection
	GlobalSection(ProjectConfigurationPlatforms) = postSolution
		{7726B42F-A9CD-41F9-AB8F-E46B8377A985}.Debug|Any CPU.ActiveCfg = Debug|Any CPU
		{7726B42F-A9CD-41F9-AB8F-E46B8377A985}.Debug|Any CPU.Build.0 = Debug|Any CPU
		{7726B42F-A9CD-41F9-AB8F-E46B8377A985}.Release|Any CPU.ActiveCfg = Release|Any CPU
		{7726B42F-A9CD-41F9-AB8F-E46B8377A985}.Release|Any CPU.Build.0 = Release|Any CPU
	EndGlobalSection
	GlobalSection(SolutionProperties) = preSolution
		HideSolutionNode = FALSE
	EndGlobalSection
	GlobalSection(NestedProjects) = preSolution
		{7726B42F-A9CD-41F9-AB8F-E46B8377A985} = {74BC4156-C563-4B57-B019-A28A43A57540}
	EndGlobalSection
	GlobalSection(ExtensibilityGlobals) = postSolution
		SolutionGuid = {BA12834D-7ABD-49F1-B953-5443DF49E4D0}
	EndGlobalSection
EndGlobal
